
Microsoft Visual Studio Solution File, Format Version 12.00
# Visual Studio Version 17
VisualStudioVersion = 17.6.33723.286
MinimumVisualStudioVersion = 10.0.40219.1
Project("{2150E333-8FDC-42A3-9474-1A3956D46DE8}") = "Commons", "Commons", "{C548F86D-8FB6-4E16-B486-89FCA0D7A89B}"
EndProject
Project("{2150E333-8FDC-42A3-9474-1A3956D46DE8}") = "API", "API", "{F898DE99-4731-43C3-845E-1AD40BAED1D1}"
EndProject
Project("{9A19103F-16F7-4668-BE54-9A1E7A4F7556}") = "Commons", "Backend\Commons\Commons.csproj", "{B223982F-1AD6-42B5-B968-BA3F9A87CACA}"
EndProject
Project("{9A19103F-16F7-4668-BE54-9A1E7A4F7556}") = "Initializer", "Backend\Initializer\Initializer.csproj", "{8AC92A8B-8310-4CE5-B581-A7B7ADE12EC5}"
EndProject
Project("{9A19103F-16F7-4668-BE54-9A1E7A4F7556}") = "DomainCommons", "Backend\DomainCommons\DomainCommons.csproj", "{AEE0898D-51F6-41AD-9D38-65ECCBDAD181}"
EndProject
Project("{9A19103F-16F7-4668-BE54-9A1E7A4F7556}") = "Infrastructure", "Backend\Infrastructure\Infrastructure.csproj", "{088D30F6-FB35-4881-8872-43FAFB09A082}"
EndProject
Project("{9A19103F-16F7-4668-BE54-9A1E7A4F7556}") = "JWT", "Backend\JWT\JWT.csproj", "{080078FF-FA42-4399-BEBB-38208FB21226}"
EndProject
Project("{9A19103F-16F7-4668-BE54-9A1E7A4F7556}") = "ASPNETCore", "Backend\ASPNETCore\ASPNETCore.csproj", "{6D39C36D-E834-4A36-ADE2-DB2E5771FB27}"
EndProject
Project("{2150E333-8FDC-42A3-9474-1A3956D46DE8}") = "IdentityService", "IdentityService", "{AB7563CA-EF20-4919-BC12-D3CB1485B602}"
EndProject
Project("{9A19103F-16F7-4668-BE54-9A1E7A4F7556}") = "IdentityService.Domain", "Backend\IdentityService.Domain\IdentityService.Domain.csproj", "{2B32AE31-A834-4333-9B5A-EEFFB01296CB}"
EndProject
Project("{9A19103F-16F7-4668-BE54-9A1E7A4F7556}") = "IdentityService.Infrastructure", "Backend\IdentityService.Infrastructure\IdentityService.Infrastructure.csproj", "{4350CF0B-1096-4275-9496-BE9825A4860E}"
EndProject
Project("{9A19103F-16F7-4668-BE54-9A1E7A4F7556}") = "IdentityService.WebAPI", "Backend\IdentityService.WebAPI\IdentityService.WebAPI.csproj", "{A00617F5-3FCA-40AE-875F-E8C7C9E3C941}"
EndProject
Project("{2150E333-8FDC-42A3-9474-1A3956D46DE8}") = "FileService", "FileService", "{01F32D5D-494F-4A4A-8724-431607621E0E}"
EndProject
Project("{9A19103F-16F7-4668-BE54-9A1E7A4F7556}") = "FileService.Domain", "Backend\FileService.Domain\FileService.Domain.csproj", "{DB8A71E8-C643-440A-A7DE-D5ACE7336E0F}"
EndProject
Project("{9A19103F-16F7-4668-BE54-9A1E7A4F7556}") = "FileService.Infrastructure", "Backend\FileService.Infrastructure\FileService.Infrastructure.csproj", "{DB2DF2B5-8846-41B0-A6E3-F28D9AE99028}"
EndProject
Project("{9A19103F-16F7-4668-BE54-9A1E7A4F7556}") = "FileService.WebAPI", "Backend\FileService.WebAPI\FileService.WebAPI.csproj", "{0F2D784E-4461-4AE4-8B4B-B7C82ABF40FA}"
EndProject
Project("{2150E333-8FDC-42A3-9474-1A3956D46DE8}") = "Showcase", "Showcase", "{1EE60558-C0C2-4891-82FE-F157E9C9872F}"
EndProject
Project("{9A19103F-16F7-4668-BE54-9A1E7A4F7556}") = "Showcase.Domain", "Backend\Showcase.Domain\Showcase.Domain.csproj", "{3E9A5F90-D474-49A2-973C-7798DC662388}"
EndProject
Project("{9A19103F-16F7-4668-BE54-9A1E7A4F7556}") = "Showcase.Infrastructure", "Backend\Showcase.Infrastructure\Showcase.Infrastructure.csproj", "{20DA76BE-5D2A-462D-9F32-C8AF27815FE7}"
EndProject
Project("{9A19103F-16F7-4668-BE54-9A1E7A4F7556}") = "Showcase.Admin.WebAPI", "Backend\Showcase.Admin.WebAPI\Showcase.Admin.WebAPI.csproj", "{54BA1D6D-9802-48CC-93BF-41B2D036EBE1}"
EndProject
Project("{9A19103F-16F7-4668-BE54-9A1E7A4F7556}") = "Showcase.Main.WebAPI", "Backend\Showcase.Main.WebAPI\Showcase.Main.WebAPI.csproj", "{F23DB4A0-B460-4715-9C6C-DDF2C75919C8}"
EndProject
Project("{2150E333-8FDC-42A3-9474-1A3956D46DE8}") = "SearchService", "SearchService", "{097B9070-A69A-496B-A22F-5CC70EE3DF03}"
EndProject
Project("{9A19103F-16F7-4668-BE54-9A1E7A4F7556}") = "SearchService.Domain", "Backend\SearchService.Domain\SearchService.Domain.csproj", "{E3B3318B-D80E-4DE0-815A-7A73F3154FF2}"
EndProject
Project("{9A19103F-16F7-4668-BE54-9A1E7A4F7556}") = "SearchService.Infrastructure", "Backend\SearchService.Infrastructure\SearchService.Infrastructure.csproj", "{900B0DD3-1D4A-43AF-A22A-82A18F74B7F2}"
EndProject
Project("{9A19103F-16F7-4668-BE54-9A1E7A4F7556}") = "SearchService.WebAPI", "Backend\SearchService.WebAPI\SearchService.WebAPI.csproj", "{3E6E520F-AE3A-41DB-AF91-AB0321DA4371}"
EndProject
Project("{2150E333-8FDC-42A3-9474-1A3956D46DE8}") = "Web", "Web", "{B2BED3A4-3811-4075-8AD6-07DE16719EBD}"
EndProject
Project("{9A19103F-16F7-4668-BE54-9A1E7A4F7556}") = "Frontend.BlazorServer", "Frontend\Frontend.BlazorServer\Frontend.BlazorServer.csproj", "{ED70C274-FAF3-4703-B9F3-F590656B15AD}"
EndProject
Project("{2150E333-8FDC-42A3-9474-1A3956D46DE8}") = "Solution Items", "Solution Items", "{7493A2A1-6439-4452-9668-575513CDABF1}"
	ProjectSection(SolutionItems) = preProject
		.csharpierrc.json = .csharpierrc.json
		.editorconfig = .editorconfig
		README.md = README.md
	EndProjectSection
EndProject
Global
	GlobalSection(SolutionConfigurationPlatforms) = preSolution
		Debug|Any CPU = Debug|Any CPU
		Release|Any CPU = Release|Any CPU
	EndGlobalSection
	GlobalSection(ProjectConfigurationPlatforms) = postSolution
		{B223982F-1AD6-42B5-B968-BA3F9A87CACA}.Debug|Any CPU.ActiveCfg = Debug|Any CPU
		{B223982F-1AD6-42B5-B968-BA3F9A87CACA}.Debug|Any CPU.Build.0 = Debug|Any CPU
		{B223982F-1AD6-42B5-B968-BA3F9A87CACA}.Release|Any CPU.ActiveCfg = Release|Any CPU
		{B223982F-1AD6-42B5-B968-BA3F9A87CACA}.Release|Any CPU.Build.0 = Release|Any CPU
		{8AC92A8B-8310-4CE5-B581-A7B7ADE12EC5}.Debug|Any CPU.ActiveCfg = Debug|Any CPU
		{8AC92A8B-8310-4CE5-B581-A7B7ADE12EC5}.Debug|Any CPU.Build.0 = Debug|Any CPU
		{8AC92A8B-8310-4CE5-B581-A7B7ADE12EC5}.Release|Any CPU.ActiveCfg = Release|Any CPU
		{8AC92A8B-8310-4CE5-B581-A7B7ADE12EC5}.Release|Any CPU.Build.0 = Release|Any CPU
		{AEE0898D-51F6-41AD-9D38-65ECCBDAD181}.Debug|Any CPU.ActiveCfg = Debug|Any CPU
		{AEE0898D-51F6-41AD-9D38-65ECCBDAD181}.Debug|Any CPU.Build.0 = Debug|Any CPU
		{AEE0898D-51F6-41AD-9D38-65ECCBDAD181}.Release|Any CPU.ActiveCfg = Release|Any CPU
		{AEE0898D-51F6-41AD-9D38-65ECCBDAD181}.Release|Any CPU.Build.0 = Release|Any CPU
		{088D30F6-FB35-4881-8872-43FAFB09A082}.Debug|Any CPU.ActiveCfg = Debug|Any CPU
		{088D30F6-FB35-4881-8872-43FAFB09A082}.Debug|Any CPU.Build.0 = Debug|Any CPU
		{088D30F6-FB35-4881-8872-43FAFB09A082}.Release|Any CPU.ActiveCfg = Release|Any CPU
		{088D30F6-FB35-4881-8872-43FAFB09A082}.Release|Any CPU.Build.0 = Release|Any CPU
		{080078FF-FA42-4399-BEBB-38208FB21226}.Debug|Any CPU.ActiveCfg = Debug|Any CPU
		{080078FF-FA42-4399-BEBB-38208FB21226}.Debug|Any CPU.Build.0 = Debug|Any CPU
		{080078FF-FA42-4399-BEBB-38208FB21226}.Release|Any CPU.ActiveCfg = Release|Any CPU
		{080078FF-FA42-4399-BEBB-38208FB21226}.Release|Any CPU.Build.0 = Release|Any CPU
		{6D39C36D-E834-4A36-ADE2-DB2E5771FB27}.Debug|Any CPU.ActiveCfg = Debug|Any CPU
		{6D39C36D-E834-4A36-ADE2-DB2E5771FB27}.Debug|Any CPU.Build.0 = Debug|Any CPU
		{6D39C36D-E834-4A36-ADE2-DB2E5771FB27}.Release|Any CPU.ActiveCfg = Release|Any CPU
		{6D39C36D-E834-4A36-ADE2-DB2E5771FB27}.Release|Any CPU.Build.0 = Release|Any CPU
		{2B32AE31-A834-4333-9B5A-EEFFB01296CB}.Debug|Any CPU.ActiveCfg = Debug|Any CPU
		{2B32AE31-A834-4333-9B5A-EEFFB01296CB}.Debug|Any CPU.Build.0 = Debug|Any CPU
		{2B32AE31-A834-4333-9B5A-EEFFB01296CB}.Release|Any CPU.ActiveCfg = Release|Any CPU
		{2B32AE31-A834-4333-9B5A-EEFFB01296CB}.Release|Any CPU.Build.0 = Release|Any CPU
		{4350CF0B-1096-4275-9496-BE9825A4860E}.Debug|Any CPU.ActiveCfg = Debug|Any CPU
		{4350CF0B-1096-4275-9496-BE9825A4860E}.Debug|Any CPU.Build.0 = Debug|Any CPU
		{4350CF0B-1096-4275-9496-BE9825A4860E}.Release|Any CPU.ActiveCfg = Release|Any CPU
		{4350CF0B-1096-4275-9496-BE9825A4860E}.Release|Any CPU.Build.0 = Release|Any CPU
		{A00617F5-3FCA-40AE-875F-E8C7C9E3C941}.Debug|Any CPU.ActiveCfg = Debug|Any CPU
		{A00617F5-3FCA-40AE-875F-E8C7C9E3C941}.Debug|Any CPU.Build.0 = Debug|Any CPU
		{A00617F5-3FCA-40AE-875F-E8C7C9E3C941}.Release|Any CPU.ActiveCfg = Release|Any CPU
		{A00617F5-3FCA-40AE-875F-E8C7C9E3C941}.Release|Any CPU.Build.0 = Release|Any CPU
		{DB8A71E8-C643-440A-A7DE-D5ACE7336E0F}.Debug|Any CPU.ActiveCfg = Debug|Any CPU
		{DB8A71E8-C643-440A-A7DE-D5ACE7336E0F}.Debug|Any CPU.Build.0 = Debug|Any CPU
		{DB8A71E8-C643-440A-A7DE-D5ACE7336E0F}.Release|Any CPU.ActiveCfg = Release|Any CPU
		{DB8A71E8-C643-440A-A7DE-D5ACE7336E0F}.Release|Any CPU.Build.0 = Release|Any CPU
		{DB2DF2B5-8846-41B0-A6E3-F28D9AE99028}.Debug|Any CPU.ActiveCfg = Debug|Any CPU
		{DB2DF2B5-8846-41B0-A6E3-F28D9AE99028}.Debug|Any CPU.Build.0 = Debug|Any CPU
		{DB2DF2B5-8846-41B0-A6E3-F28D9AE99028}.Release|Any CPU.ActiveCfg = Release|Any CPU
		{DB2DF2B5-8846-41B0-A6E3-F28D9AE99028}.Release|Any CPU.Build.0 = Release|Any CPU
		{0F2D784E-4461-4AE4-8B4B-B7C82ABF40FA}.Debug|Any CPU.ActiveCfg = Debug|Any CPU
		{0F2D784E-4461-4AE4-8B4B-B7C82ABF40FA}.Debug|Any CPU.Build.0 = Debug|Any CPU
		{0F2D784E-4461-4AE4-8B4B-B7C82ABF40FA}.Release|Any CPU.ActiveCfg = Release|Any CPU
		{0F2D784E-4461-4AE4-8B4B-B7C82ABF40FA}.Release|Any CPU.Build.0 = Release|Any CPU
		{3E9A5F90-D474-49A2-973C-7798DC662388}.Debug|Any CPU.ActiveCfg = Debug|Any CPU
		{3E9A5F90-D474-49A2-973C-7798DC662388}.Debug|Any CPU.Build.0 = Debug|Any CPU
		{3E9A5F90-D474-49A2-973C-7798DC662388}.Release|Any CPU.ActiveCfg = Release|Any CPU
		{3E9A5F90-D474-49A2-973C-7798DC662388}.Release|Any CPU.Build.0 = Release|Any CPU
		{20DA76BE-5D2A-462D-9F32-C8AF27815FE7}.Debug|Any CPU.ActiveCfg = Debug|Any CPU
		{20DA76BE-5D2A-462D-9F32-C8AF27815FE7}.Debug|Any CPU.Build.0 = Debug|Any CPU
		{20DA76BE-5D2A-462D-9F32-C8AF27815FE7}.Release|Any CPU.ActiveCfg = Release|Any CPU
		{20DA76BE-5D2A-462D-9F32-C8AF27815FE7}.Release|Any CPU.Build.0 = Release|Any CPU
		{54BA1D6D-9802-48CC-93BF-41B2D036EBE1}.Debug|Any CPU.ActiveCfg = Debug|Any CPU
		{54BA1D6D-9802-48CC-93BF-41B2D036EBE1}.Debug|Any CPU.Build.0 = Debug|Any CPU
		{54BA1D6D-9802-48CC-93BF-41B2D036EBE1}.Release|Any CPU.ActiveCfg = Release|Any CPU
		{54BA1D6D-9802-48CC-93BF-41B2D036EBE1}.Release|Any CPU.Build.0 = Release|Any CPU
		{F23DB4A0-B460-4715-9C6C-DDF2C75919C8}.Debug|Any CPU.ActiveCfg = Debug|Any CPU
		{F23DB4A0-B460-4715-9C6C-DDF2C75919C8}.Debug|Any CPU.Build.0 = Debug|Any CPU
		{F23DB4A0-B460-4715-9C6C-DDF2C75919C8}.Release|Any CPU.ActiveCfg = Release|Any CPU
		{F23DB4A0-B460-4715-9C6C-DDF2C75919C8}.Release|Any CPU.Build.0 = Release|Any CPU
		{E3B3318B-D80E-4DE0-815A-7A73F3154FF2}.Debug|Any CPU.ActiveCfg = Debug|Any CPU
		{E3B3318B-D80E-4DE0-815A-7A73F3154FF2}.Debug|Any CPU.Build.0 = Debug|Any CPU
		{E3B3318B-D80E-4DE0-815A-7A73F3154FF2}.Release|Any CPU.ActiveCfg = Release|Any CPU
		{E3B3318B-D80E-4DE0-815A-7A73F3154FF2}.Release|Any CPU.Build.0 = Release|Any CPU
		{900B0DD3-1D4A-43AF-A22A-82A18F74B7F2}.Debug|Any CPU.ActiveCfg = Debug|Any CPU
		{900B0DD3-1D4A-43AF-A22A-82A18F74B7F2}.Debug|Any CPU.Build.0 = Debug|Any CPU
		{900B0DD3-1D4A-43AF-A22A-82A18F74B7F2}.Release|Any CPU.ActiveCfg = Release|Any CPU
		{900B0DD3-1D4A-43AF-A22A-82A18F74B7F2}.Release|Any CPU.Build.0 = Release|Any CPU
		{3E6E520F-AE3A-41DB-AF91-AB0321DA4371}.Debug|Any CPU.ActiveCfg = Debug|Any CPU
		{3E6E520F-AE3A-41DB-AF91-AB0321DA4371}.Debug|Any CPU.Build.0 = Debug|Any CPU
		{3E6E520F-AE3A-41DB-AF91-AB0321DA4371}.Release|Any CPU.ActiveCfg = Release|Any CPU
		{3E6E520F-AE3A-41DB-AF91-AB0321DA4371}.Release|Any CPU.Build.0 = Release|Any CPU
		{ED70C274-FAF3-4703-B9F3-F590656B15AD}.Debug|Any CPU.ActiveCfg = Debug|Any CPU
		{ED70C274-FAF3-4703-B9F3-F590656B15AD}.Debug|Any CPU.Build.0 = Debug|Any CPU
		{ED70C274-FAF3-4703-B9F3-F590656B15AD}.Release|Any CPU.ActiveCfg = Release|Any CPU
		{ED70C274-FAF3-4703-B9F3-F590656B15AD}.Release|Any CPU.Build.0 = Release|Any CPU
	EndGlobalSection
	GlobalSection(SolutionProperties) = preSolution
		HideSolutionNode = FALSE
	EndGlobalSection
	GlobalSection(NestedProjects) = preSolution
		{C548F86D-8FB6-4E16-B486-89FCA0D7A89B} = {F898DE99-4731-43C3-845E-1AD40BAED1D1}
		{B223982F-1AD6-42B5-B968-BA3F9A87CACA} = {C548F86D-8FB6-4E16-B486-89FCA0D7A89B}
		{8AC92A8B-8310-4CE5-B581-A7B7ADE12EC5} = {C548F86D-8FB6-4E16-B486-89FCA0D7A89B}
		{AEE0898D-51F6-41AD-9D38-65ECCBDAD181} = {C548F86D-8FB6-4E16-B486-89FCA0D7A89B}
		{088D30F6-FB35-4881-8872-43FAFB09A082} = {C548F86D-8FB6-4E16-B486-89FCA0D7A89B}
		{080078FF-FA42-4399-BEBB-38208FB21226} = {C548F86D-8FB6-4E16-B486-89FCA0D7A89B}
		{6D39C36D-E834-4A36-ADE2-DB2E5771FB27} = {C548F86D-8FB6-4E16-B486-89FCA0D7A89B}
		{AB7563CA-EF20-4919-BC12-D3CB1485B602} = {F898DE99-4731-43C3-845E-1AD40BAED1D1}
		{2B32AE31-A834-4333-9B5A-EEFFB01296CB} = {AB7563CA-EF20-4919-BC12-D3CB1485B602}
		{4350CF0B-1096-4275-9496-BE9825A4860E} = {AB7563CA-EF20-4919-BC12-D3CB1485B602}
		{A00617F5-3FCA-40AE-875F-E8C7C9E3C941} = {AB7563CA-EF20-4919-BC12-D3CB1485B602}
		{01F32D5D-494F-4A4A-8724-431607621E0E} = {F898DE99-4731-43C3-845E-1AD40BAED1D1}
		{DB8A71E8-C643-440A-A7DE-D5ACE7336E0F} = {01F32D5D-494F-4A4A-8724-431607621E0E}
		{DB2DF2B5-8846-41B0-A6E3-F28D9AE99028} = {01F32D5D-494F-4A4A-8724-431607621E0E}
		{0F2D784E-4461-4AE4-8B4B-B7C82ABF40FA} = {01F32D5D-494F-4A4A-8724-431607621E0E}
		{1EE60558-C0C2-4891-82FE-F157E9C9872F} = {F898DE99-4731-43C3-845E-1AD40BAED1D1}
		{3E9A5F90-D474-49A2-973C-7798DC662388} = {1EE60558-C0C2-4891-82FE-F157E9C9872F}
		{20DA76BE-5D2A-462D-9F32-C8AF27815FE7} = {1EE60558-C0C2-4891-82FE-F157E9C9872F}
		{54BA1D6D-9802-48CC-93BF-41B2D036EBE1} = {1EE60558-C0C2-4891-82FE-F157E9C9872F}
		{F23DB4A0-B460-4715-9C6C-DDF2C75919C8} = {1EE60558-C0C2-4891-82FE-F157E9C9872F}
		{097B9070-A69A-496B-A22F-5CC70EE3DF03} = {F898DE99-4731-43C3-845E-1AD40BAED1D1}
		{E3B3318B-D80E-4DE0-815A-7A73F3154FF2} = {097B9070-A69A-496B-A22F-5CC70EE3DF03}
		{900B0DD3-1D4A-43AF-A22A-82A18F74B7F2} = {097B9070-A69A-496B-A22F-5CC70EE3DF03}
		{3E6E520F-AE3A-41DB-AF91-AB0321DA4371} = {097B9070-A69A-496B-A22F-5CC70EE3DF03}
		{ED70C274-FAF3-4703-B9F3-F590656B15AD} = {B2BED3A4-3811-4075-8AD6-07DE16719EBD}
	EndGlobalSection
	GlobalSection(ExtensibilityGlobals) = postSolution
		SolutionGuid = {7D7AC0E3-0776-44FB-83A1-1B1253C1AF92}
	EndGlobalSection
EndGlobal
