
Microsoft Visual Studio Solution File, Format Version 12.00
# Visual Studio Version 17
VisualStudioVersion = 17.6.33723.286
MinimumVisualStudioVersion = 10.0.40219.1
Project("{9A19103F-16F7-4668-BE54-9A1E7A4F7556}") = "GameManagement.Api", "GameManagement.Api\GameManagement.Api.csproj", "{6EA275CC-83BA-4856-996C-9C598F80579A}"
EndProject
Project("{9A19103F-16F7-4668-BE54-9A1E7A4F7556}") = "GameManagement.Shared", "GameManagement.Shared\GameManagement.Shared.csproj", "{38BCE642-1840-4058-A0AC-DE08F449A205}"
EndProject
Project("{2150E333-8FDC-42A3-9474-1A3956D46DE8}") = "Commons", "Commons", "{C548F86D-8FB6-4E16-B486-89FCA0D7A89B}"
EndProject
Project("{2150E333-8FDC-42A3-9474-1A3956D46DE8}") = "API", "API", "{F898DE99-4731-43C3-845E-1AD40BAED1D1}"
EndProject
Project("{9A19103F-16F7-4668-BE54-9A1E7A4F7556}") = "Commons", "Commons\Commons.csproj", "{B223982F-1AD6-42B5-B968-BA3F9A87CACA}"
EndProject
Project("{9A19103F-16F7-4668-BE54-9A1E7A4F7556}") = "Initializer", "Initializer\Initializer.csproj", "{8AC92A8B-8310-4CE5-B581-A7B7ADE12EC5}"
EndProject
Project("{9A19103F-16F7-4668-BE54-9A1E7A4F7556}") = "DomainCommons", "DomainCommons\DomainCommons.csproj", "{AEE0898D-51F6-41AD-9D38-65ECCBDAD181}"
EndProject
Project("{9A19103F-16F7-4668-BE54-9A1E7A4F7556}") = "Infrastructure", "Infrastructure\Infrastructure.csproj", "{088D30F6-FB35-4881-8872-43FAFB09A082}"
EndProject
Project("{9A19103F-16F7-4668-BE54-9A1E7A4F7556}") = "JWT", "JWT\JWT.csproj", "{080078FF-FA42-4399-BEBB-38208FB21226}"
EndProject
Project("{9A19103F-16F7-4668-BE54-9A1E7A4F7556}") = "ASPNETCore", "ASPNETCore\ASPNETCore.csproj", "{6D39C36D-E834-4A36-ADE2-DB2E5771FB27}"
EndProject
Project("{2150E333-8FDC-42A3-9474-1A3956D46DE8}") = "IdentityService", "IdentityService", "{AB7563CA-EF20-4919-BC12-D3CB1485B602}"
EndProject
Project("{9A19103F-16F7-4668-BE54-9A1E7A4F7556}") = "IdentityService.Domain", "IdentityService.Domain\IdentityService.Domain.csproj", "{2B32AE31-A834-4333-9B5A-EEFFB01296CB}"
EndProject
Project("{9A19103F-16F7-4668-BE54-9A1E7A4F7556}") = "IdentityService.Infrastructure", "IdentityService.Infrastructure\IdentityService.Infrastructure.csproj", "{4350CF0B-1096-4275-9496-BE9825A4860E}"
EndProject
Project("{9A19103F-16F7-4668-BE54-9A1E7A4F7556}") = "IdentityService.WebAPI", "IdentityService.WebAPI\IdentityService.WebAPI.csproj", "{A00617F5-3FCA-40AE-875F-E8C7C9E3C941}"
EndProject
Project("{2150E333-8FDC-42A3-9474-1A3956D46DE8}") = "FileService", "FileService", "{01F32D5D-494F-4A4A-8724-431607621E0E}"
EndProject
Project("{9A19103F-16F7-4668-BE54-9A1E7A4F7556}") = "FileService.Domain", "FileService.Domain\FileService.Domain.csproj", "{DB8A71E8-C643-440A-A7DE-D5ACE7336E0F}"
EndProject
Project("{9A19103F-16F7-4668-BE54-9A1E7A4F7556}") = "FileService.Infrastructure", "FileService.Infrastructure\FileService.Infrastructure.csproj", "{DB2DF2B5-8846-41B0-A6E3-F28D9AE99028}"
EndProject
Project("{9A19103F-16F7-4668-BE54-9A1E7A4F7556}") = "FileService.WebAPI", "FileService.WebAPI\FileService.WebAPI.csproj", "{0F2D784E-4461-4AE4-8B4B-B7C82ABF40FA}"
EndProject
Project("{2150E333-8FDC-42A3-9474-1A3956D46DE8}") = "Showcase", "Showcase", "{1EE60558-C0C2-4891-82FE-F157E9C9872F}"
EndProject
Project("{FAE04EC0-301F-11D3-BF4B-00C04F79EFBC}") = "Showcase.Domain", "Showcase.Domain\Showcase.Domain.csproj", "{3E9A5F90-D474-49A2-973C-7798DC662388}"
EndProject
Project("{FAE04EC0-301F-11D3-BF4B-00C04F79EFBC}") = "Showcase.Infrastructure", "Showcase.Infrastructure\Showcase.Infrastructure.csproj", "{20DA76BE-5D2A-462D-9F32-C8AF27815FE7}"
EndProject
Global
	GlobalSection(SolutionConfigurationPlatforms) = preSolution
		Debug|Any CPU = Debug|Any CPU
		Release|Any CPU = Release|Any CPU
	EndGlobalSection
	GlobalSection(ProjectConfigurationPlatforms) = postSolution
		{6EA275CC-83BA-4856-996C-9C598F80579A}.Debug|Any CPU.ActiveCfg = Debug|Any CPU
		{6EA275CC-83BA-4856-996C-9C598F80579A}.Debug|Any CPU.Build.0 = Debug|Any CPU
		{6EA275CC-83BA-4856-996C-9C598F80579A}.Release|Any CPU.ActiveCfg = Release|Any CPU
		{6EA275CC-83BA-4856-996C-9C598F80579A}.Release|Any CPU.Build.0 = Release|Any CPU
		{38BCE642-1840-4058-A0AC-DE08F449A205}.Debug|Any CPU.ActiveCfg = Debug|Any CPU
		{38BCE642-1840-4058-A0AC-DE08F449A205}.Debug|Any CPU.Build.0 = Debug|Any CPU
		{38BCE642-1840-4058-A0AC-DE08F449A205}.Release|Any CPU.ActiveCfg = Release|Any CPU
		{38BCE642-1840-4058-A0AC-DE08F449A205}.Release|Any CPU.Build.0 = Release|Any CPU
		{B223982F-1AD6-42B5-B968-BA3F9A87CACA}.Debug|Any CPU.ActiveCfg = Debug|Any CPU
		{B223982F-1AD6-42B5-B968-BA3F9A87CACA}.Debug|Any CPU.Build.0 = Debug|Any CPU
		{B223982F-1AD6-42B5-B968-BA3F9A87CACA}.Release|Any CPU.ActiveCfg = Release|Any CPU
		{B223982F-1AD6-42B5-B968-BA3F9A87CACA}.Release|Any CPU.Build.0 = Release|Any CPU
		{8AC92A8B-8310-4CE5-B581-A7B7ADE12EC5}.Debug|Any CPU.ActiveCfg = Debug|Any CPU
		{8AC92A8B-8310-4CE5-B581-A7B7ADE12EC5}.Debug|Any CPU.Build.0 = Debug|Any CPU
		{8AC92A8B-8310-4CE5-B581-A7B7ADE12EC5}.Release|Any CPU.ActiveCfg = Release|Any CPU
		{8AC92A8B-8310-4CE5-B581-A7B7ADE12EC5}.Release|Any CPU.Build.0 = Release|Any CPU
		{AEE0898D-51F6-41AD-9D38-65ECCBDAD181}.Debug|Any CPU.ActiveCfg = Debug|Any CPU
		{AEE0898D-51F6-41AD-9D38-65ECCBDAD181}.Debug|Any CPU.Build.0 = Debug|Any CPU
		{AEE0898D-51F6-41AD-9D38-65ECCBDAD181}.Release|Any CPU.ActiveCfg = Release|Any CPU
		{AEE0898D-51F6-41AD-9D38-65ECCBDAD181}.Release|Any CPU.Build.0 = Release|Any CPU
		{088D30F6-FB35-4881-8872-43FAFB09A082}.Debug|Any CPU.ActiveCfg = Debug|Any CPU
		{088D30F6-FB35-4881-8872-43FAFB09A082}.Debug|Any CPU.Build.0 = Debug|Any CPU
		{088D30F6-FB35-4881-8872-43FAFB09A082}.Release|Any CPU.ActiveCfg = Release|Any CPU
		{088D30F6-FB35-4881-8872-43FAFB09A082}.Release|Any CPU.Build.0 = Release|Any CPU
		{080078FF-FA42-4399-BEBB-38208FB21226}.Debug|Any CPU.ActiveCfg = Debug|Any CPU
		{080078FF-FA42-4399-BEBB-38208FB21226}.Debug|Any CPU.Build.0 = Debug|Any CPU
		{080078FF-FA42-4399-BEBB-38208FB21226}.Release|Any CPU.ActiveCfg = Release|Any CPU
		{080078FF-FA42-4399-BEBB-38208FB21226}.Release|Any CPU.Build.0 = Release|Any CPU
		{6D39C36D-E834-4A36-ADE2-DB2E5771FB27}.Debug|Any CPU.ActiveCfg = Debug|Any CPU
		{6D39C36D-E834-4A36-ADE2-DB2E5771FB27}.Debug|Any CPU.Build.0 = Debug|Any CPU
		{6D39C36D-E834-4A36-ADE2-DB2E5771FB27}.Release|Any CPU.ActiveCfg = Release|Any CPU
		{6D39C36D-E834-4A36-ADE2-DB2E5771FB27}.Release|Any CPU.Build.0 = Release|Any CPU
		{2B32AE31-A834-4333-9B5A-EEFFB01296CB}.Debug|Any CPU.ActiveCfg = Debug|Any CPU
		{2B32AE31-A834-4333-9B5A-EEFFB01296CB}.Debug|Any CPU.Build.0 = Debug|Any CPU
		{2B32AE31-A834-4333-9B5A-EEFFB01296CB}.Release|Any CPU.ActiveCfg = Release|Any CPU
		{2B32AE31-A834-4333-9B5A-EEFFB01296CB}.Release|Any CPU.Build.0 = Release|Any CPU
		{4350CF0B-1096-4275-9496-BE9825A4860E}.Debug|Any CPU.ActiveCfg = Debug|Any CPU
		{4350CF0B-1096-4275-9496-BE9825A4860E}.Debug|Any CPU.Build.0 = Debug|Any CPU
		{4350CF0B-1096-4275-9496-BE9825A4860E}.Release|Any CPU.ActiveCfg = Release|Any CPU
		{4350CF0B-1096-4275-9496-BE9825A4860E}.Release|Any CPU.Build.0 = Release|Any CPU
		{A00617F5-3FCA-40AE-875F-E8C7C9E3C941}.Debug|Any CPU.ActiveCfg = Debug|Any CPU
		{A00617F5-3FCA-40AE-875F-E8C7C9E3C941}.Debug|Any CPU.Build.0 = Debug|Any CPU
		{A00617F5-3FCA-40AE-875F-E8C7C9E3C941}.Release|Any CPU.ActiveCfg = Release|Any CPU
		{A00617F5-3FCA-40AE-875F-E8C7C9E3C941}.Release|Any CPU.Build.0 = Release|Any CPU
		{DB8A71E8-C643-440A-A7DE-D5ACE7336E0F}.Debug|Any CPU.ActiveCfg = Debug|Any CPU
		{DB8A71E8-C643-440A-A7DE-D5ACE7336E0F}.Debug|Any CPU.Build.0 = Debug|Any CPU
		{DB8A71E8-C643-440A-A7DE-D5ACE7336E0F}.Release|Any CPU.ActiveCfg = Release|Any CPU
		{DB8A71E8-C643-440A-A7DE-D5ACE7336E0F}.Release|Any CPU.Build.0 = Release|Any CPU
		{DB2DF2B5-8846-41B0-A6E3-F28D9AE99028}.Debug|Any CPU.ActiveCfg = Debug|Any CPU
		{DB2DF2B5-8846-41B0-A6E3-F28D9AE99028}.Debug|Any CPU.Build.0 = Debug|Any CPU
		{DB2DF2B5-8846-41B0-A6E3-F28D9AE99028}.Release|Any CPU.ActiveCfg = Release|Any CPU
		{DB2DF2B5-8846-41B0-A6E3-F28D9AE99028}.Release|Any CPU.Build.0 = Release|Any CPU
		{0F2D784E-4461-4AE4-8B4B-B7C82ABF40FA}.Debug|Any CPU.ActiveCfg = Debug|Any CPU
		{0F2D784E-4461-4AE4-8B4B-B7C82ABF40FA}.Debug|Any CPU.Build.0 = Debug|Any CPU
		{0F2D784E-4461-4AE4-8B4B-B7C82ABF40FA}.Release|Any CPU.ActiveCfg = Release|Any CPU
		{0F2D784E-4461-4AE4-8B4B-B7C82ABF40FA}.Release|Any CPU.Build.0 = Release|Any CPU
		{3E9A5F90-D474-49A2-973C-7798DC662388}.Debug|Any CPU.ActiveCfg = Debug|Any CPU
		{3E9A5F90-D474-49A2-973C-7798DC662388}.Debug|Any CPU.Build.0 = Debug|Any CPU
		{3E9A5F90-D474-49A2-973C-7798DC662388}.Release|Any CPU.ActiveCfg = Release|Any CPU
		{3E9A5F90-D474-49A2-973C-7798DC662388}.Release|Any CPU.Build.0 = Release|Any CPU
		{20DA76BE-5D2A-462D-9F32-C8AF27815FE7}.Debug|Any CPU.ActiveCfg = Debug|Any CPU
		{20DA76BE-5D2A-462D-9F32-C8AF27815FE7}.Debug|Any CPU.Build.0 = Debug|Any CPU
		{20DA76BE-5D2A-462D-9F32-C8AF27815FE7}.Release|Any CPU.ActiveCfg = Release|Any CPU
		{20DA76BE-5D2A-462D-9F32-C8AF27815FE7}.Release|Any CPU.Build.0 = Release|Any CPU
	EndGlobalSection
	GlobalSection(SolutionProperties) = preSolution
		HideSolutionNode = FALSE
	EndGlobalSection
	GlobalSection(NestedProjects) = preSolution
		{6EA275CC-83BA-4856-996C-9C598F80579A} = {F898DE99-4731-43C3-845E-1AD40BAED1D1}
		{38BCE642-1840-4058-A0AC-DE08F449A205} = {F898DE99-4731-43C3-845E-1AD40BAED1D1}
		{C548F86D-8FB6-4E16-B486-89FCA0D7A89B} = {F898DE99-4731-43C3-845E-1AD40BAED1D1}
		{B223982F-1AD6-42B5-B968-BA3F9A87CACA} = {C548F86D-8FB6-4E16-B486-89FCA0D7A89B}
		{8AC92A8B-8310-4CE5-B581-A7B7ADE12EC5} = {C548F86D-8FB6-4E16-B486-89FCA0D7A89B}
		{AEE0898D-51F6-41AD-9D38-65ECCBDAD181} = {C548F86D-8FB6-4E16-B486-89FCA0D7A89B}
		{088D30F6-FB35-4881-8872-43FAFB09A082} = {C548F86D-8FB6-4E16-B486-89FCA0D7A89B}
		{080078FF-FA42-4399-BEBB-38208FB21226} = {C548F86D-8FB6-4E16-B486-89FCA0D7A89B}
		{6D39C36D-E834-4A36-ADE2-DB2E5771FB27} = {C548F86D-8FB6-4E16-B486-89FCA0D7A89B}
		{AB7563CA-EF20-4919-BC12-D3CB1485B602} = {F898DE99-4731-43C3-845E-1AD40BAED1D1}
		{2B32AE31-A834-4333-9B5A-EEFFB01296CB} = {AB7563CA-EF20-4919-BC12-D3CB1485B602}
		{4350CF0B-1096-4275-9496-BE9825A4860E} = {AB7563CA-EF20-4919-BC12-D3CB1485B602}
		{A00617F5-3FCA-40AE-875F-E8C7C9E3C941} = {AB7563CA-EF20-4919-BC12-D3CB1485B602}
		{01F32D5D-494F-4A4A-8724-431607621E0E} = {F898DE99-4731-43C3-845E-1AD40BAED1D1}
		{DB8A71E8-C643-440A-A7DE-D5ACE7336E0F} = {01F32D5D-494F-4A4A-8724-431607621E0E}
		{DB2DF2B5-8846-41B0-A6E3-F28D9AE99028} = {01F32D5D-494F-4A4A-8724-431607621E0E}
		{0F2D784E-4461-4AE4-8B4B-B7C82ABF40FA} = {01F32D5D-494F-4A4A-8724-431607621E0E}
		{1EE60558-C0C2-4891-82FE-F157E9C9872F} = {F898DE99-4731-43C3-845E-1AD40BAED1D1}
		{3E9A5F90-D474-49A2-973C-7798DC662388} = {1EE60558-C0C2-4891-82FE-F157E9C9872F}
		{20DA76BE-5D2A-462D-9F32-C8AF27815FE7} = {1EE60558-C0C2-4891-82FE-F157E9C9872F}
	EndGlobalSection
	GlobalSection(ExtensibilityGlobals) = postSolution
		SolutionGuid = {7D7AC0E3-0776-44FB-83A1-1B1253C1AF92}
	EndGlobalSection
EndGlobal
